
Microsoft Visual Studio Solution File, Format Version 12.00
# Visual Studio Version 17
VisualStudioVersion = 17.0.32002.185
MinimumVisualStudioVersion = 10.0.40219.1
Project("{FAE04EC0-301F-11D3-BF4B-00C04F79EFBC}") = "TopologyAPI", "TopologyAPI\TopologyAPI.csproj", "{9C91674E-697D-43E5-B879-4EEA8D48ED5B}"
EndProject
Global
	GlobalSection(SolutionConfigurationPlatforms) = preSolution
		Debug|Any CPU = Debug|Any CPU
		Release|Any CPU = Release|Any CPU
	EndGlobalSection
	GlobalSection(ProjectConfigurationPlatforms) = postSolution
		{9C91674E-697D-43E5-B879-4EEA8D48ED5B}.Debug|Any CPU.ActiveCfg = Debug|Any CPU
		{9C91674E-697D-43E5-B879-4EEA8D48ED5B}.Debug|Any CPU.Build.0 = Debug|Any CPU
		{9C91674E-697D-43E5-B879-4EEA8D48ED5B}.Release|Any CPU.ActiveCfg = Release|Any CPU
		{9C91674E-697D-43E5-B879-4EEA8D48ED5B}.Release|Any CPU.Build.0 = Release|Any CPU
	EndGlobalSection
	GlobalSection(SolutionProperties) = preSolution
		HideSolutionNode = FALSE
	EndGlobalSection
	GlobalSection(ExtensibilityGlobals) = postSolution
		SolutionGuid = {0127F8BE-DE5E-4902-9461-5977038CEA24}
	EndGlobalSection
EndGlobal
